{
  "name": "xcmd",
  "version": "1.0.0",
  "lockfileVersion": 1,
  "requires": true,
  "dependencies": {
    "nan": {
      "version": "2.10.0",
      "resolved": "https://registry.npmjs.org/nan/-/nan-2.10.0.tgz",
      "integrity": "sha512-bAdJv7fBLhWC+/Bls0Oza+mvTaNQtP+1RyhhhvD95pgUJz6XM5IzgmxOkItJ9tkoCiplvAnXI1tNmmUD/eScyA=="
    },
    "node-pty": {
      "version": "0.7.4",
      "resolved": "https://registry.npmjs.org/node-pty/-/node-pty-0.7.4.tgz",
      "integrity": "sha512-WxMY1BsGcHJ2Z2qWpYL7QbfOSnkkCzV0H/9+dJ7uQEIJyz0A4fVBLymswBCTc7RoweY5ingib2gNvf87KvJxuA==",
      "requires": {
        "nan": "2.10.0"
      }
    }
  }
}
